
Microsoft Visual Studio Solution File, Format Version 12.00
# Visual Studio Version 17
VisualStudioVersion = 17.12.35707.178
MinimumVisualStudioVersion = 10.0.40219.1
Project("{2150E333-8FDC-42A3-9474-1A3956D46DE8}") = "src", "src", "{A5525A31-B23B-4A8F-BCD8-67722C45E44D}"
EndProject
Project("{FAE04EC0-301F-11D3-BF4B-00C04F79EFBC}") = "Domain", "Domain\Domain.csproj", "{4A4F3BFA-F2DA-417B-8E6A-03E94292F4C5}"
EndProject
Project("{FAE04EC0-301F-11D3-BF4B-00C04F79EFBC}") = "WpfApp", "WpfApp\WpfApp.csproj", "{23A33D67-D0D3-4687-8DF7-A39C823A626D}"
EndProject
Project("{FAE04EC0-301F-11D3-BF4B-00C04F79EFBC}") = "DataAccess", "DataAccess\DataAccess.csproj", "{C69946CF-AE94-495B-BECF-318E05E3B155}"
EndProject
Global
	GlobalSection(SolutionConfigurationPlatforms) = preSolution
		Debug|Any CPU = Debug|Any CPU
		Release|Any CPU = Release|Any CPU
	EndGlobalSection
	GlobalSection(ProjectConfigurationPlatforms) = postSolution
		{4A4F3BFA-F2DA-417B-8E6A-03E94292F4C5}.Debug|Any CPU.ActiveCfg = Debug|Any CPU
		{4A4F3BFA-F2DA-417B-8E6A-03E94292F4C5}.Debug|Any CPU.Build.0 = Debug|Any CPU
		{4A4F3BFA-F2DA-417B-8E6A-03E94292F4C5}.Release|Any CPU.ActiveCfg = Release|Any CPU
		{4A4F3BFA-F2DA-417B-8E6A-03E94292F4C5}.Release|Any CPU.Build.0 = Release|Any CPU
		{23A33D67-D0D3-4687-8DF7-A39C823A626D}.Debug|Any CPU.ActiveCfg = Debug|Any CPU
		{23A33D67-D0D3-4687-8DF7-A39C823A626D}.Debug|Any CPU.Build.0 = Debug|Any CPU
		{23A33D67-D0D3-4687-8DF7-A39C823A626D}.Release|Any CPU.ActiveCfg = Release|Any CPU
		{23A33D67-D0D3-4687-8DF7-A39C823A626D}.Release|Any CPU.Build.0 = Release|Any CPU
		{C69946CF-AE94-495B-BECF-318E05E3B155}.Debug|Any CPU.ActiveCfg = Debug|Any CPU
		{C69946CF-AE94-495B-BECF-318E05E3B155}.Debug|Any CPU.Build.0 = Debug|Any CPU
		{C69946CF-AE94-495B-BECF-318E05E3B155}.Release|Any CPU.ActiveCfg = Release|Any CPU
		{C69946CF-AE94-495B-BECF-318E05E3B155}.Release|Any CPU.Build.0 = Release|Any CPU
	EndGlobalSection
	GlobalSection(SolutionProperties) = preSolution
		HideSolutionNode = FALSE
	EndGlobalSection
	GlobalSection(NestedProjects) = preSolution
		{4A4F3BFA-F2DA-417B-8E6A-03E94292F4C5} = {A5525A31-B23B-4A8F-BCD8-67722C45E44D}
		{23A33D67-D0D3-4687-8DF7-A39C823A626D} = {A5525A31-B23B-4A8F-BCD8-67722C45E44D}
		{C69946CF-AE94-495B-BECF-318E05E3B155} = {A5525A31-B23B-4A8F-BCD8-67722C45E44D}
	EndGlobalSection
EndGlobal
